
Microsoft Visual Studio Solution File, Format Version 12.00
# Visual Studio Version 17
VisualStudioVersion = 17.0.31903.59
MinimumVisualStudioVersion = 10.0.40219.1
Project("{2150E333-8FDC-42A3-9474-1A3956D46DE8}") = "src", "src", "{B077B1ED-067B-495A-BBC9-638A3C3769A8}"
EndProject
Project("{FAE04EC0-301F-11D3-BF4B-00C04F79EFBC}") = "Calculus.Web", "src\Calculus.Web\Calculus.Web.csproj", "{B775FF92-53BC-47DF-B8D5-1E1B1502F393}"
EndProject
Project("{2150E333-8FDC-42A3-9474-1A3956D46DE8}") = "Solution Items", "Solution Items", "{089100B1-113F-4E66-888A-E83F3999EAFD}"
	ProjectSection(SolutionItems) = preProject
		.editorconfig = .editorconfig
		.gitignore = .gitignore
		Directory.Build.props = Directory.Build.props
	EndProjectSection
EndProject
Project("{FAE04EC0-301F-11D3-BF4B-00C04F79EFBC}") = "Calculus.AppHost", "src\Calculus.AppHost\Calculus.AppHost.csproj", "{540054D0-CB48-4234-815F-7DA159FC2239}"
EndProject
Project("{FAE04EC0-301F-11D3-BF4B-00C04F79EFBC}") = "Calculus.ServiceDefaults", "src\Calculus.ServiceDefaults\Calculus.ServiceDefaults.csproj", "{74C03B72-94F6-485F-931E-426FCDEF5DC1}"
EndProject
Project("{2150E333-8FDC-42A3-9474-1A3956D46DE8}") = "UI", "UI", "{261868DA-2A2F-80B8-8B13-D0C9259FD8A0}"
EndProject
Project("{FAE04EC0-301F-11D3-BF4B-00C04F79EFBC}") = "Calculus.BlazorApp", "src\UI\Calculus.BlazorApp\Calculus.BlazorApp.csproj", "{FB237B1F-9413-49B7-9CDA-C95C7762322F}"
EndProject
Project("{2150E333-8FDC-42A3-9474-1A3956D46DE8}") = "ScenarioModule", "ScenarioModule", "{0655EA6B-3496-1C29-BCE9-F0FFE094DA84}"
EndProject
Project("{FAE04EC0-301F-11D3-BF4B-00C04F79EFBC}") = "Calculus.Scenarios", "src\ScenarioModule\Calculus.Scenarios\Calculus.Scenarios.csproj", "{526752EF-0ED4-461E-AC03-E5BF1CB63EB2}"
EndProject
Project("{FAE04EC0-301F-11D3-BF4B-00C04F79EFBC}") = "Calculus.Common", "src\Calculus.Common\Calculus.Common.csproj", "{52E64D44-54B1-481A-B904-EB841AC55642}"
EndProject
Project("{FAE04EC0-301F-11D3-BF4B-00C04F79EFBC}") = "Calculus.Scenarios.Tests", "src\ScenarioModule\Calculus.Scenarios.Tests\Calculus.Scenarios.Tests.csproj", "{50C0829C-92C8-48AA-9980-7B7F3A5C8885}"
EndProject
Global
	GlobalSection(SolutionConfigurationPlatforms) = preSolution
		Debug|Any CPU = Debug|Any CPU
		Release|Any CPU = Release|Any CPU
	EndGlobalSection
	GlobalSection(ProjectConfigurationPlatforms) = postSolution
		{B775FF92-53BC-47DF-B8D5-1E1B1502F393}.Debug|Any CPU.ActiveCfg = Debug|Any CPU
		{B775FF92-53BC-47DF-B8D5-1E1B1502F393}.Debug|Any CPU.Build.0 = Debug|Any CPU
		{B775FF92-53BC-47DF-B8D5-1E1B1502F393}.Release|Any CPU.ActiveCfg = Release|Any CPU
		{B775FF92-53BC-47DF-B8D5-1E1B1502F393}.Release|Any CPU.Build.0 = Release|Any CPU
		{540054D0-CB48-4234-815F-7DA159FC2239}.Debug|Any CPU.ActiveCfg = Debug|Any CPU
		{540054D0-CB48-4234-815F-7DA159FC2239}.Debug|Any CPU.Build.0 = Debug|Any CPU
		{540054D0-CB48-4234-815F-7DA159FC2239}.Release|Any CPU.ActiveCfg = Release|Any CPU
		{540054D0-CB48-4234-815F-7DA159FC2239}.Release|Any CPU.Build.0 = Release|Any CPU
		{74C03B72-94F6-485F-931E-426FCDEF5DC1}.Debug|Any CPU.ActiveCfg = Debug|Any CPU
		{74C03B72-94F6-485F-931E-426FCDEF5DC1}.Debug|Any CPU.Build.0 = Debug|Any CPU
		{74C03B72-94F6-485F-931E-426FCDEF5DC1}.Release|Any CPU.ActiveCfg = Release|Any CPU
		{74C03B72-94F6-485F-931E-426FCDEF5DC1}.Release|Any CPU.Build.0 = Release|Any CPU
		{FB237B1F-9413-49B7-9CDA-C95C7762322F}.Debug|Any CPU.ActiveCfg = Debug|Any CPU
		{FB237B1F-9413-49B7-9CDA-C95C7762322F}.Debug|Any CPU.Build.0 = Debug|Any CPU
		{FB237B1F-9413-49B7-9CDA-C95C7762322F}.Release|Any CPU.ActiveCfg = Release|Any CPU
		{FB237B1F-9413-49B7-9CDA-C95C7762322F}.Release|Any CPU.Build.0 = Release|Any CPU
		{526752EF-0ED4-461E-AC03-E5BF1CB63EB2}.Debug|Any CPU.ActiveCfg = Debug|Any CPU
		{526752EF-0ED4-461E-AC03-E5BF1CB63EB2}.Debug|Any CPU.Build.0 = Debug|Any CPU
		{526752EF-0ED4-461E-AC03-E5BF1CB63EB2}.Release|Any CPU.ActiveCfg = Release|Any CPU
		{526752EF-0ED4-461E-AC03-E5BF1CB63EB2}.Release|Any CPU.Build.0 = Release|Any CPU
		{52E64D44-54B1-481A-B904-EB841AC55642}.Debug|Any CPU.ActiveCfg = Debug|Any CPU
		{52E64D44-54B1-481A-B904-EB841AC55642}.Debug|Any CPU.Build.0 = Debug|Any CPU
		{52E64D44-54B1-481A-B904-EB841AC55642}.Release|Any CPU.ActiveCfg = Release|Any CPU
		{52E64D44-54B1-481A-B904-EB841AC55642}.Release|Any CPU.Build.0 = Release|Any CPU
		{50C0829C-92C8-48AA-9980-7B7F3A5C8885}.Debug|Any CPU.ActiveCfg = Debug|Any CPU
		{50C0829C-92C8-48AA-9980-7B7F3A5C8885}.Debug|Any CPU.Build.0 = Debug|Any CPU
		{50C0829C-92C8-48AA-9980-7B7F3A5C8885}.Release|Any CPU.ActiveCfg = Release|Any CPU
		{50C0829C-92C8-48AA-9980-7B7F3A5C8885}.Release|Any CPU.Build.0 = Release|Any CPU
	EndGlobalSection
	GlobalSection(SolutionProperties) = preSolution
		HideSolutionNode = FALSE
	EndGlobalSection
	GlobalSection(NestedProjects) = preSolution
		{B775FF92-53BC-47DF-B8D5-1E1B1502F393} = {B077B1ED-067B-495A-BBC9-638A3C3769A8}
		{540054D0-CB48-4234-815F-7DA159FC2239} = {B077B1ED-067B-495A-BBC9-638A3C3769A8}
		{74C03B72-94F6-485F-931E-426FCDEF5DC1} = {B077B1ED-067B-495A-BBC9-638A3C3769A8}
		{261868DA-2A2F-80B8-8B13-D0C9259FD8A0} = {B077B1ED-067B-495A-BBC9-638A3C3769A8}
		{FB237B1F-9413-49B7-9CDA-C95C7762322F} = {261868DA-2A2F-80B8-8B13-D0C9259FD8A0}
		{0655EA6B-3496-1C29-BCE9-F0FFE094DA84} = {B077B1ED-067B-495A-BBC9-638A3C3769A8}
		{526752EF-0ED4-461E-AC03-E5BF1CB63EB2} = {0655EA6B-3496-1C29-BCE9-F0FFE094DA84}
		{52E64D44-54B1-481A-B904-EB841AC55642} = {B077B1ED-067B-495A-BBC9-638A3C3769A8}
		{50C0829C-92C8-48AA-9980-7B7F3A5C8885} = {0655EA6B-3496-1C29-BCE9-F0FFE094DA84}
	EndGlobalSection
EndGlobal
